<?xml version="1.0" encoding="utf-8"?>
<Project ToolsVersion="17.0" xmlns="http://schemas.microsoft.com/developer/msbuild/2003">
  <ItemGroup>
    <ClCompile Include="C:\Users\Keishi\Portfolio\Painting-app\build_cv\src\paint_app_autogen\mocs_compilation_Debug.cpp">
      <Filter>Source Files</Filter>
    </ClCompile>
    <ClCompile Include="C:\Users\Keishi\Portfolio\Painting-app\src\app\main.cpp">
      <Filter>Source Files</Filter>
    </ClCompile>
    <ClCompile Include="C:\Users\Keishi\Portfolio\Painting-app\src\app\bridge\AppController.cpp">
      <Filter>Source Files</Filter>
    </ClCompile>
    <ClCompile Include="C:\Users\Keishi\Portfolio\Painting-app\src\app\ui\ToolDescriptor.cpp">
      <Filter>Source Files</Filter>
    </ClCompile>
    <ClCompile Include="C:\Users\Keishi\Portfolio\Painting-app\src\app\ui\UiState.cpp">
      <Filter>Source Files</Filter>
    </ClCompile>
    <ClCompile Include="C:\Users\Keishi\Portfolio\Painting-app\src\app\ui\IconLoader.cpp">
      <Filter>Source Files</Filter>
    </ClCompile>
    <ClCompile Include="C:\Users\Keishi\Portfolio\Painting-app\src\app\mainwindow\MainWindow.cpp">
      <Filter>Source Files</Filter>
    </ClCompile>
    <ClCompile Include="C:\Users\Keishi\Portfolio\Painting-app\src\app\canvasview\CanvasWidget.cpp">
      <Filter>Source Files</Filter>
    </ClCompile>
    <ClCompile Include="C:\Users\Keishi\Portfolio\Painting-app\src\app\canvasview\SelectionOverlayRenderer.cpp">
      <Filter>Source Files</Filter>
    </ClCompile>
    <ClCompile Include="C:\Users\Keishi\Portfolio\Painting-app\src\app\panels\AiPanel.cpp">
      <Filter>Source Files</Filter>
    </ClCompile>
    <ClCompile Include="C:\Users\Keishi\Portfolio\Painting-app\src\app\panels\LayerPanel.cpp">
      <Filter>Source Files</Filter>
    </ClCompile>
    <ClCompile Include="C:\Users\Keishi\Portfolio\Painting-app\src\app\panels\ToolPanel.cpp">
      <Filter>Source Files</Filter>
    </ClCompile>
    <ClCompile Include="C:\Users\Keishi\Portfolio\Painting-app\src\app\panels\SubToolPanel.cpp">
      <Filter>Source Files</Filter>
    </ClCompile>
    <ClCompile Include="C:\Users\Keishi\Portfolio\Painting-app\src\app\panels\ToolPropertyPanel.cpp">
      <Filter>Source Files</Filter>
    </ClCompile>
    <ClCompile Include="C:\Users\Keishi\Portfolio\Painting-app\src\app\panels\ColorWheelWidget.cpp">
      <Filter>Source Files</Filter>
    </ClCompile>
    <ClCompile Include="C:\Users\Keishi\Portfolio\Painting-app\src\app\panels\GenerativeFillDialog.cpp">
      <Filter>Source Files</Filter>
    </ClCompile>
    <ClCompile Include="C:\Users\Keishi\Portfolio\Painting-app\src\app\panels\AiGenerateDialog.cpp">
      <Filter>Source Files</Filter>
    </ClCompile>
    <ClCompile Include="C:\Users\Keishi\Portfolio\Painting-app\src\app\bridge\ComfyUiClient.cpp">
      <Filter>Source Files</Filter>
    </ClCompile>
    <ClCompile Include="C:\Users\Keishi\Portfolio\Painting-app\src\app\bridge\MinimalWebSocket.cpp">
      <Filter>Source Files</Filter>
    </ClCompile>
    <ClCompile Include="C:\Users\Keishi\Portfolio\Painting-app\src\app\bridge\PsdExporter.cpp">
      <Filter>Source Files</Filter>
    </ClCompile>
    <ClCompile Include="C:\Users\Keishi\Portfolio\Painting-app\src\app\bridge\PsdImporter.cpp">
      <Filter>Source Files</Filter>
    </ClCompile>
    <ClCompile Include="C:\Users\Keishi\Portfolio\Painting-app\build_cv\src\paint_app_autogen\5QDYQ3JZ3K\qrc_icons.cpp">
      <Filter>Source Files</Filter>
    </ClCompile>
    <ClCompile Include="C:\Users\Keishi\Portfolio\Painting-app\build_cv\src\paint_app_autogen\5QDYQ3JZ3K\qrc_workflows.cpp">
      <Filter>Source Files</Filter>
    </ClCompile>
    <ClCompile Include="C:\Users\Keishi\Portfolio\Painting-app\build_cv\src\paint_app_autogen\mocs_compilation_Release.cpp">
      <Filter>Source Files</Filter>
    </ClCompile>
    <ClCompile Include="C:\Users\Keishi\Portfolio\Painting-app\build_cv\src\paint_app_autogen\mocs_compilation_MinSizeRel.cpp">
      <Filter>Source Files</Filter>
    </ClCompile>
    <ClCompile Include="C:\Users\Keishi\Portfolio\Painting-app\build_cv\src\paint_app_autogen\mocs_compilation_RelWithDebInfo.cpp">
      <Filter>Source Files</Filter>
    </ClCompile>
  </ItemGroup>
  <ItemGroup>
    <CustomBuild Include="C:\Users\Keishi\Portfolio\Painting-app\build_cv\CMakeFiles\cd3872cf2d9ce6e09f9a401cd7e6f0cf\qrc_icons.cpp.rule">
      <Filter>CMake Rules</Filter>
    </CustomBuild>
    <CustomBuild Include="C:\Users\Keishi\Portfolio\Painting-app\build_cv\CMakeFiles\cd3872cf2d9ce6e09f9a401cd7e6f0cf\qrc_workflows.cpp.rule">
      <Filter>CMake Rules</Filter>
    </CustomBuild>
    <CustomBuild Include="C:\Users\Keishi\Portfolio\Painting-app\src\CMakeLists.txt" />
  </ItemGroup>
  <ItemGroup>
    <None Include="C:\Users\Keishi\Portfolio\Painting-app\src\app\resources\icons.qrc" />
    <None Include="C:\Users\Keishi\Portfolio\Painting-app\src\app\resources\workflows.qrc" />
  </ItemGroup>
  <ItemGroup>
    <ResourceCompile Include="C:\Users\Keishi\Portfolio\Painting-app\src\app\resources\app.rc">
      <Filter>Source Files</Filter>
    </ResourceCompile>
  </ItemGroup>
  <ItemGroup>
    <Filter Include="CMake Rules">
      <UniqueIdentifier>{3AC645C4-1BC8-33ED-B747-37E99C647AE6}</UniqueIdentifier>
    </Filter>
    <Filter Include="Source Files">
      <UniqueIdentifier>{DCBBAC99-0809-3F8C-AF79-CAFD262DCF92}</UniqueIdentifier>
    </Filter>
  </ItemGroup>
</Project>
