<?xml version="1.0" encoding="utf-8"?>
<Project ToolsVersion="17.0" xmlns="http://schemas.microsoft.com/developer/msbuild/2003">
  <ItemGroup>
    <ClCompile Include="C:\ポートフォリオ\自作イラストアプリ\build-tests\src\paint_app_autogen\mocs_compilation_Debug.cpp">
      <Filter>Source Files</Filter>
    </ClCompile>
    <ClCompile Include="C:\ポートフォリオ\自作イラストアプリ\src\app\main.cpp">
      <Filter>Source Files</Filter>
    </ClCompile>
    <ClCompile Include="C:\ポートフォリオ\自作イラストアプリ\src\app\bridge\AppController.cpp">
      <Filter>Source Files</Filter>
    </ClCompile>
    <ClCompile Include="C:\ポートフォリオ\自作イラストアプリ\src\app\mainwindow\MainWindow.cpp">
      <Filter>Source Files</Filter>
    </ClCompile>
    <ClCompile Include="C:\ポートフォリオ\自作イラストアプリ\src\app\canvasview\CanvasWidget.cpp">
      <Filter>Source Files</Filter>
    </ClCompile>
    <ClCompile Include="C:\ポートフォリオ\自作イラストアプリ\src\app\panels\LayerPanel.cpp">
      <Filter>Source Files</Filter>
    </ClCompile>
    <ClCompile Include="C:\ポートフォリオ\自作イラストアプリ\build-tests\src\paint_app_autogen\mocs_compilation_Release.cpp">
      <Filter>Source Files</Filter>
    </ClCompile>
    <ClCompile Include="C:\ポートフォリオ\自作イラストアプリ\build-tests\src\paint_app_autogen\mocs_compilation_MinSizeRel.cpp">
      <Filter>Source Files</Filter>
    </ClCompile>
    <ClCompile Include="C:\ポートフォリオ\自作イラストアプリ\build-tests\src\paint_app_autogen\mocs_compilation_RelWithDebInfo.cpp">
      <Filter>Source Files</Filter>
    </ClCompile>
  </ItemGroup>
  <ItemGroup>
    <CustomBuild Include="C:\ポートフォリオ\自作イラストアプリ\src\CMakeLists.txt" />
  </ItemGroup>
  <ItemGroup>
    <Filter Include="Source Files">
      <UniqueIdentifier>{A4120842-27D0-345D-969E-3DE0A4364533}</UniqueIdentifier>
    </Filter>
  </ItemGroup>
</Project>
