<?xml version="1.0" encoding="utf-8"?>
<Project ToolsVersion="17.0" xmlns="http://schemas.microsoft.com/developer/msbuild/2003">
  <ItemGroup>
    <ClCompile Include="C:\ポートフォリオ\自作イラストアプリ\src\core\buffer\PixelBuffer.cpp">
      <Filter>Source Files</Filter>
    </ClCompile>
    <ClCompile Include="C:\ポートフォリオ\自作イラストアプリ\src\core\document\Document.cpp">
      <Filter>Source Files</Filter>
    </ClCompile>
    <ClCompile Include="C:\ポートフォリオ\自作イラストアプリ\src\core\layer\Layer.cpp">
      <Filter>Source Files</Filter>
    </ClCompile>
    <ClCompile Include="C:\ポートフォリオ\自作イラストアプリ\src\core\render\Renderer.cpp">
      <Filter>Source Files</Filter>
    </ClCompile>
    <ClCompile Include="C:\ポートフォリオ\自作イラストアプリ\src\core\selection\SelectionMask.cpp">
      <Filter>Source Files</Filter>
    </ClCompile>
    <ClCompile Include="C:\ポートフォリオ\自作イラストアプリ\src\core\tools\ToolType.cpp">
      <Filter>Source Files</Filter>
    </ClCompile>
    <ClCompile Include="C:\ポートフォリオ\自作イラストアプリ\src\core\tools\ToolManager.cpp">
      <Filter>Source Files</Filter>
    </ClCompile>
    <ClCompile Include="C:\ポートフォリオ\自作イラストアプリ\src\core\tools\BrushTool.cpp">
      <Filter>Source Files</Filter>
    </ClCompile>
    <ClCompile Include="C:\ポートフォリオ\自作イラストアプリ\src\core\tools\EraserTool.cpp">
      <Filter>Source Files</Filter>
    </ClCompile>
    <ClCompile Include="C:\ポートフォリオ\自作イラストアプリ\src\core\tools\EyedropperTool.cpp">
      <Filter>Source Files</Filter>
    </ClCompile>
    <ClCompile Include="C:\ポートフォリオ\自作イラストアプリ\src\core\tools\HandTool.cpp">
      <Filter>Source Files</Filter>
    </ClCompile>
    <ClCompile Include="C:\ポートフォリオ\自作イラストアプリ\src\core\tools\ZoomTool.cpp">
      <Filter>Source Files</Filter>
    </ClCompile>
    <ClCompile Include="C:\ポートフォリオ\自作イラストアプリ\src\core\tools\LineTool.cpp">
      <Filter>Source Files</Filter>
    </ClCompile>
    <ClCompile Include="C:\ポートフォリオ\自作イラストアプリ\src\core\tools\RectSelectionTool.cpp">
      <Filter>Source Files</Filter>
    </ClCompile>
    <ClCompile Include="C:\ポートフォリオ\自作イラストアプリ\src\core\tools\FillTool.cpp">
      <Filter>Source Files</Filter>
    </ClCompile>
    <ClCompile Include="C:\ポートフォリオ\自作イラストアプリ\src\core\tools\MoveLayerTool.cpp">
      <Filter>Source Files</Filter>
    </ClCompile>
  </ItemGroup>
  <ItemGroup>
    <CustomBuild Include="C:\ポートフォリオ\自作イラストアプリ\src\CMakeLists.txt" />
  </ItemGroup>
  <ItemGroup>
    <Filter Include="Source Files">
      <UniqueIdentifier>{A4120842-27D0-345D-969E-3DE0A4364533}</UniqueIdentifier>
    </Filter>
  </ItemGroup>
</Project>
