<?xml version="1.0" encoding="utf-8"?>
<Project ToolsVersion="17.0" xmlns="http://schemas.microsoft.com/developer/msbuild/2003">
  <ItemGroup>
    <CustomBuild Include="C:\ポートフォリオ\自作イラストアプリ\build-tests\CMakeFiles\e26a7632ef60c7c71d0d63b70bdf01dd\RUN_TESTS_force.rule">
      <Filter>CMake Rules</Filter>
    </CustomBuild>
  </ItemGroup>
  <ItemGroup>
    <Filter Include="CMake Rules">
      <UniqueIdentifier>{E2555D68-1204-398C-8DFB-8D59F69FFE6C}</UniqueIdentifier>
    </Filter>
  </ItemGroup>
</Project>
