
Microsoft Visual Studio Solution File, Format Version 12.00
# Visual Studio Version 17
Project("{8BC9CEB8-8B4A-11D0-8D11-00A0C91BC942}") = "ALL_BUILD", "ALL_BUILD.vcxproj", "{75405E6B-C088-3B8B-8A10-4957ED23073C}"
	ProjectSection(ProjectDependencies) = postProject
		{DAD46BBE-5BBC-3E8A-9A44-61B3CBDDD6B1} = {DAD46BBE-5BBC-3E8A-9A44-61B3CBDDD6B1}
		{A3D30868-0B6C-364A-88DA-3DBB40ECDB43} = {A3D30868-0B6C-364A-88DA-3DBB40ECDB43}
		{48D71379-9F56-33E0-88DC-8FEE2C8142B2} = {48D71379-9F56-33E0-88DC-8FEE2C8142B2}
		{5A0B978C-5A34-3B44-8B4D-C051770597BD} = {5A0B978C-5A34-3B44-8B4D-C051770597BD}
		{49F7F729-30AA-3BC5-AD98-C6AFF87A0819} = {49F7F729-30AA-3BC5-AD98-C6AFF87A0819}
		{5552FF8E-8C2D-3C48-AFE0-DE54B0652B50} = {5552FF8E-8C2D-3C48-AFE0-DE54B0652B50}
	EndProjectSection
EndProject
Project("{8BC9CEB8-8B4A-11D0-8D11-00A0C91BC942}") = "Continuous", "Continuous.vcxproj", "{4E14198B-E705-39BB-80DB-2B7AA3EA1B23}"
	ProjectSection(ProjectDependencies) = postProject
		{DAD46BBE-5BBC-3E8A-9A44-61B3CBDDD6B1} = {DAD46BBE-5BBC-3E8A-9A44-61B3CBDDD6B1}
	EndProjectSection
EndProject
Project("{8BC9CEB8-8B4A-11D0-8D11-00A0C91BC942}") = "Experimental", "Experimental.vcxproj", "{6067A9C9-397D-3959-A629-2D1619BCD90A}"
	ProjectSection(ProjectDependencies) = postProject
		{DAD46BBE-5BBC-3E8A-9A44-61B3CBDDD6B1} = {DAD46BBE-5BBC-3E8A-9A44-61B3CBDDD6B1}
	EndProjectSection
EndProject
Project("{8BC9CEB8-8B4A-11D0-8D11-00A0C91BC942}") = "Nightly", "Nightly.vcxproj", "{E44E6483-5788-33A5-9FCB-6BD4E0486C21}"
	ProjectSection(ProjectDependencies) = postProject
		{DAD46BBE-5BBC-3E8A-9A44-61B3CBDDD6B1} = {DAD46BBE-5BBC-3E8A-9A44-61B3CBDDD6B1}
	EndProjectSection
EndProject
Project("{8BC9CEB8-8B4A-11D0-8D11-00A0C91BC942}") = "NightlyMemoryCheck", "NightlyMemoryCheck.vcxproj", "{E58B3E67-3611-37B0-84F0-6E07A204721F}"
	ProjectSection(ProjectDependencies) = postProject
		{DAD46BBE-5BBC-3E8A-9A44-61B3CBDDD6B1} = {DAD46BBE-5BBC-3E8A-9A44-61B3CBDDD6B1}
	EndProjectSection
EndProject
Project("{8BC9CEB8-8B4A-11D0-8D11-00A0C91BC942}") = "RUN_TESTS", "RUN_TESTS.vcxproj", "{593094E6-B6CF-3D4F-9F76-C5B2BDB87756}"
	ProjectSection(ProjectDependencies) = postProject
		{DAD46BBE-5BBC-3E8A-9A44-61B3CBDDD6B1} = {DAD46BBE-5BBC-3E8A-9A44-61B3CBDDD6B1}
	EndProjectSection
EndProject
Project("{8BC9CEB8-8B4A-11D0-8D11-00A0C91BC942}") = "ZERO_CHECK", "ZERO_CHECK.vcxproj", "{DAD46BBE-5BBC-3E8A-9A44-61B3CBDDD6B1}"
	ProjectSection(ProjectDependencies) = postProject
	EndProjectSection
EndProject
Project("{8BC9CEB8-8B4A-11D0-8D11-00A0C91BC942}") = "app_smoke_tests", "tests\app_smoke_tests.vcxproj", "{A3D30868-0B6C-364A-88DA-3DBB40ECDB43}"
	ProjectSection(ProjectDependencies) = postProject
		{DAD46BBE-5BBC-3E8A-9A44-61B3CBDDD6B1} = {DAD46BBE-5BBC-3E8A-9A44-61B3CBDDD6B1}
		{49F7F729-30AA-3BC5-AD98-C6AFF87A0819} = {49F7F729-30AA-3BC5-AD98-C6AFF87A0819}
	EndProjectSection
EndProject
Project("{8BC9CEB8-8B4A-11D0-8D11-00A0C91BC942}") = "core_tests", "tests\core_tests.vcxproj", "{48D71379-9F56-33E0-88DC-8FEE2C8142B2}"
	ProjectSection(ProjectDependencies) = postProject
		{DAD46BBE-5BBC-3E8A-9A44-61B3CBDDD6B1} = {DAD46BBE-5BBC-3E8A-9A44-61B3CBDDD6B1}
		{49F7F729-30AA-3BC5-AD98-C6AFF87A0819} = {49F7F729-30AA-3BC5-AD98-C6AFF87A0819}
	EndProjectSection
EndProject
Project("{8BC9CEB8-8B4A-11D0-8D11-00A0C91BC942}") = "paint_app", "src\paint_app.vcxproj", "{5A0B978C-5A34-3B44-8B4D-C051770597BD}"
	ProjectSection(ProjectDependencies) = postProject
		{DAD46BBE-5BBC-3E8A-9A44-61B3CBDDD6B1} = {DAD46BBE-5BBC-3E8A-9A44-61B3CBDDD6B1}
		{49F7F729-30AA-3BC5-AD98-C6AFF87A0819} = {49F7F729-30AA-3BC5-AD98-C6AFF87A0819}
		{5552FF8E-8C2D-3C48-AFE0-DE54B0652B50} = {5552FF8E-8C2D-3C48-AFE0-DE54B0652B50}
	EndProjectSection
EndProject
Project("{8BC9CEB8-8B4A-11D0-8D11-00A0C91BC942}") = "paint_core", "src\paint_core.vcxproj", "{49F7F729-30AA-3BC5-AD98-C6AFF87A0819}"
	ProjectSection(ProjectDependencies) = postProject
		{DAD46BBE-5BBC-3E8A-9A44-61B3CBDDD6B1} = {DAD46BBE-5BBC-3E8A-9A44-61B3CBDDD6B1}
	EndProjectSection
EndProject
Project("{8BC9CEB8-8B4A-11D0-8D11-00A0C91BC942}") = "paint_qt_platform", "src\paint_qt_platform.vcxproj", "{5552FF8E-8C2D-3C48-AFE0-DE54B0652B50}"
	ProjectSection(ProjectDependencies) = postProject
		{DAD46BBE-5BBC-3E8A-9A44-61B3CBDDD6B1} = {DAD46BBE-5BBC-3E8A-9A44-61B3CBDDD6B1}
		{49F7F729-30AA-3BC5-AD98-C6AFF87A0819} = {49F7F729-30AA-3BC5-AD98-C6AFF87A0819}
	EndProjectSection
EndProject
Global
	GlobalSection(SolutionConfigurationPlatforms) = preSolution
		Debug|x64 = Debug|x64
		Release|x64 = Release|x64
		MinSizeRel|x64 = MinSizeRel|x64
		RelWithDebInfo|x64 = RelWithDebInfo|x64
	EndGlobalSection
	GlobalSection(ProjectConfigurationPlatforms) = postSolution
		{75405E6B-C088-3B8B-8A10-4957ED23073C}.Debug|x64.ActiveCfg = Debug|x64
		{75405E6B-C088-3B8B-8A10-4957ED23073C}.Release|x64.ActiveCfg = Release|x64
		{75405E6B-C088-3B8B-8A10-4957ED23073C}.MinSizeRel|x64.ActiveCfg = MinSizeRel|x64
		{75405E6B-C088-3B8B-8A10-4957ED23073C}.RelWithDebInfo|x64.ActiveCfg = RelWithDebInfo|x64
		{4E14198B-E705-39BB-80DB-2B7AA3EA1B23}.Debug|x64.ActiveCfg = Debug|x64
		{4E14198B-E705-39BB-80DB-2B7AA3EA1B23}.Release|x64.ActiveCfg = Release|x64
		{4E14198B-E705-39BB-80DB-2B7AA3EA1B23}.MinSizeRel|x64.ActiveCfg = MinSizeRel|x64
		{4E14198B-E705-39BB-80DB-2B7AA3EA1B23}.RelWithDebInfo|x64.ActiveCfg = RelWithDebInfo|x64
		{6067A9C9-397D-3959-A629-2D1619BCD90A}.Debug|x64.ActiveCfg = Debug|x64
		{6067A9C9-397D-3959-A629-2D1619BCD90A}.Release|x64.ActiveCfg = Release|x64
		{6067A9C9-397D-3959-A629-2D1619BCD90A}.MinSizeRel|x64.ActiveCfg = MinSizeRel|x64
		{6067A9C9-397D-3959-A629-2D1619BCD90A}.RelWithDebInfo|x64.ActiveCfg = RelWithDebInfo|x64
		{E44E6483-5788-33A5-9FCB-6BD4E0486C21}.Debug|x64.ActiveCfg = Debug|x64
		{E44E6483-5788-33A5-9FCB-6BD4E0486C21}.Release|x64.ActiveCfg = Release|x64
		{E44E6483-5788-33A5-9FCB-6BD4E0486C21}.MinSizeRel|x64.ActiveCfg = MinSizeRel|x64
		{E44E6483-5788-33A5-9FCB-6BD4E0486C21}.RelWithDebInfo|x64.ActiveCfg = RelWithDebInfo|x64
		{E58B3E67-3611-37B0-84F0-6E07A204721F}.Debug|x64.ActiveCfg = Debug|x64
		{E58B3E67-3611-37B0-84F0-6E07A204721F}.Release|x64.ActiveCfg = Release|x64
		{E58B3E67-3611-37B0-84F0-6E07A204721F}.MinSizeRel|x64.ActiveCfg = MinSizeRel|x64
		{E58B3E67-3611-37B0-84F0-6E07A204721F}.RelWithDebInfo|x64.ActiveCfg = RelWithDebInfo|x64
		{593094E6-B6CF-3D4F-9F76-C5B2BDB87756}.Debug|x64.ActiveCfg = Debug|x64
		{593094E6-B6CF-3D4F-9F76-C5B2BDB87756}.Release|x64.ActiveCfg = Release|x64
		{593094E6-B6CF-3D4F-9F76-C5B2BDB87756}.MinSizeRel|x64.ActiveCfg = MinSizeRel|x64
		{593094E6-B6CF-3D4F-9F76-C5B2BDB87756}.RelWithDebInfo|x64.ActiveCfg = RelWithDebInfo|x64
		{DAD46BBE-5BBC-3E8A-9A44-61B3CBDDD6B1}.Debug|x64.ActiveCfg = Debug|x64
		{DAD46BBE-5BBC-3E8A-9A44-61B3CBDDD6B1}.Debug|x64.Build.0 = Debug|x64
		{DAD46BBE-5BBC-3E8A-9A44-61B3CBDDD6B1}.Release|x64.ActiveCfg = Release|x64
		{DAD46BBE-5BBC-3E8A-9A44-61B3CBDDD6B1}.Release|x64.Build.0 = Release|x64
		{DAD46BBE-5BBC-3E8A-9A44-61B3CBDDD6B1}.MinSizeRel|x64.ActiveCfg = MinSizeRel|x64
		{DAD46BBE-5BBC-3E8A-9A44-61B3CBDDD6B1}.MinSizeRel|x64.Build.0 = MinSizeRel|x64
		{DAD46BBE-5BBC-3E8A-9A44-61B3CBDDD6B1}.RelWithDebInfo|x64.ActiveCfg = RelWithDebInfo|x64
		{DAD46BBE-5BBC-3E8A-9A44-61B3CBDDD6B1}.RelWithDebInfo|x64.Build.0 = RelWithDebInfo|x64
		{A3D30868-0B6C-364A-88DA-3DBB40ECDB43}.Debug|x64.ActiveCfg = Debug|x64
		{A3D30868-0B6C-364A-88DA-3DBB40ECDB43}.Debug|x64.Build.0 = Debug|x64
		{A3D30868-0B6C-364A-88DA-3DBB40ECDB43}.Release|x64.ActiveCfg = Release|x64
		{A3D30868-0B6C-364A-88DA-3DBB40ECDB43}.Release|x64.Build.0 = Release|x64
		{A3D30868-0B6C-364A-88DA-3DBB40ECDB43}.MinSizeRel|x64.ActiveCfg = MinSizeRel|x64
		{A3D30868-0B6C-364A-88DA-3DBB40ECDB43}.MinSizeRel|x64.Build.0 = MinSizeRel|x64
		{A3D30868-0B6C-364A-88DA-3DBB40ECDB43}.RelWithDebInfo|x64.ActiveCfg = RelWithDebInfo|x64
		{A3D30868-0B6C-364A-88DA-3DBB40ECDB43}.RelWithDebInfo|x64.Build.0 = RelWithDebInfo|x64
		{48D71379-9F56-33E0-88DC-8FEE2C8142B2}.Debug|x64.ActiveCfg = Debug|x64
		{48D71379-9F56-33E0-88DC-8FEE2C8142B2}.Debug|x64.Build.0 = Debug|x64
		{48D71379-9F56-33E0-88DC-8FEE2C8142B2}.Release|x64.ActiveCfg = Release|x64
		{48D71379-9F56-33E0-88DC-8FEE2C8142B2}.Release|x64.Build.0 = Release|x64
		{48D71379-9F56-33E0-88DC-8FEE2C8142B2}.MinSizeRel|x64.ActiveCfg = MinSizeRel|x64
		{48D71379-9F56-33E0-88DC-8FEE2C8142B2}.MinSizeRel|x64.Build.0 = MinSizeRel|x64
		{48D71379-9F56-33E0-88DC-8FEE2C8142B2}.RelWithDebInfo|x64.ActiveCfg = RelWithDebInfo|x64
		{48D71379-9F56-33E0-88DC-8FEE2C8142B2}.RelWithDebInfo|x64.Build.0 = RelWithDebInfo|x64
		{5A0B978C-5A34-3B44-8B4D-C051770597BD}.Debug|x64.ActiveCfg = Debug|x64
		{5A0B978C-5A34-3B44-8B4D-C051770597BD}.Debug|x64.Build.0 = Debug|x64
		{5A0B978C-5A34-3B44-8B4D-C051770597BD}.Release|x64.ActiveCfg = Release|x64
		{5A0B978C-5A34-3B44-8B4D-C051770597BD}.Release|x64.Build.0 = Release|x64
		{5A0B978C-5A34-3B44-8B4D-C051770597BD}.MinSizeRel|x64.ActiveCfg = MinSizeRel|x64
		{5A0B978C-5A34-3B44-8B4D-C051770597BD}.MinSizeRel|x64.Build.0 = MinSizeRel|x64
		{5A0B978C-5A34-3B44-8B4D-C051770597BD}.RelWithDebInfo|x64.ActiveCfg = RelWithDebInfo|x64
		{5A0B978C-5A34-3B44-8B4D-C051770597BD}.RelWithDebInfo|x64.Build.0 = RelWithDebInfo|x64
		{49F7F729-30AA-3BC5-AD98-C6AFF87A0819}.Debug|x64.ActiveCfg = Debug|x64
		{49F7F729-30AA-3BC5-AD98-C6AFF87A0819}.Debug|x64.Build.0 = Debug|x64
		{49F7F729-30AA-3BC5-AD98-C6AFF87A0819}.Release|x64.ActiveCfg = Release|x64
		{49F7F729-30AA-3BC5-AD98-C6AFF87A0819}.Release|x64.Build.0 = Release|x64
		{49F7F729-30AA-3BC5-AD98-C6AFF87A0819}.MinSizeRel|x64.ActiveCfg = MinSizeRel|x64
		{49F7F729-30AA-3BC5-AD98-C6AFF87A0819}.MinSizeRel|x64.Build.0 = MinSizeRel|x64
		{49F7F729-30AA-3BC5-AD98-C6AFF87A0819}.RelWithDebInfo|x64.ActiveCfg = RelWithDebInfo|x64
		{49F7F729-30AA-3BC5-AD98-C6AFF87A0819}.RelWithDebInfo|x64.Build.0 = RelWithDebInfo|x64
		{5552FF8E-8C2D-3C48-AFE0-DE54B0652B50}.Debug|x64.ActiveCfg = Debug|x64
		{5552FF8E-8C2D-3C48-AFE0-DE54B0652B50}.Debug|x64.Build.0 = Debug|x64
		{5552FF8E-8C2D-3C48-AFE0-DE54B0652B50}.Release|x64.ActiveCfg = Release|x64
		{5552FF8E-8C2D-3C48-AFE0-DE54B0652B50}.Release|x64.Build.0 = Release|x64
		{5552FF8E-8C2D-3C48-AFE0-DE54B0652B50}.MinSizeRel|x64.ActiveCfg = MinSizeRel|x64
		{5552FF8E-8C2D-3C48-AFE0-DE54B0652B50}.MinSizeRel|x64.Build.0 = MinSizeRel|x64
		{5552FF8E-8C2D-3C48-AFE0-DE54B0652B50}.RelWithDebInfo|x64.ActiveCfg = RelWithDebInfo|x64
		{5552FF8E-8C2D-3C48-AFE0-DE54B0652B50}.RelWithDebInfo|x64.Build.0 = RelWithDebInfo|x64
	EndGlobalSection
	GlobalSection(ExtensibilityGlobals) = postSolution
		SolutionGuid = {7EA838C3-D3DC-322F-84BC-04AF59458F03}
	EndGlobalSection
	GlobalSection(ExtensibilityAddIns) = postSolution
	EndGlobalSection
EndGlobal
